
Microsoft Visual Studio Solution File, Format Version 12.00
# Visual Studio Version 16
VisualStudioVersion = 16.0.32106.194
MinimumVisualStudioVersion = 10.0.40219.1
Project("{FAE04EC0-301F-11D3-BF4B-00C04F79EFBC}") = "Chernikov_Lab01", "Chernikov_Lab01\Chernikov_Lab01.csproj", "{B1AA018B-F446-48A4-984F-74E46149B5D1}"
EndProject
Global
	GlobalSection(SolutionConfigurationPlatforms) = preSolution
		Debug|Any CPU = Debug|Any CPU
		Release|Any CPU = Release|Any CPU
	EndGlobalSection
	GlobalSection(ProjectConfigurationPlatforms) = postSolution
		{B1AA018B-F446-48A4-984F-74E46149B5D1}.Debug|Any CPU.ActiveCfg = Debug|Any CPU
		{B1AA018B-F446-48A4-984F-74E46149B5D1}.Debug|Any CPU.Build.0 = Debug|Any CPU
		{B1AA018B-F446-48A4-984F-74E46149B5D1}.Release|Any CPU.ActiveCfg = Release|Any CPU
		{B1AA018B-F446-48A4-984F-74E46149B5D1}.Release|Any CPU.Build.0 = Release|Any CPU
	EndGlobalSection
	GlobalSection(SolutionProperties) = preSolution
		HideSolutionNode = FALSE
	EndGlobalSection
	GlobalSection(ExtensibilityGlobals) = postSolution
		SolutionGuid = {A7D7CA1C-9978-41EF-9EE6-CED49B3F6F11}
	EndGlobalSection
EndGlobal
